// !$*UTF8*$!
{
	archiveVersion = 1;
	classes = {
	};
	objectVersion = 46;
	objects = {

/* Begin PBXBuildFile section */
		64296E2B1E0552B500B2CBCB /* AppDelegate.swift in Sources */ = {isa = PBXBuildFile; fileRef = 64296E2A1E0552B500B2CBCB /* AppDelegate.swift */; };
		64296E2D1E0552B500B2CBCB /* ViewController.swift in Sources */ = {isa = PBXBuildFile; fileRef = 64296E2C1E0552B500B2CBCB /* ViewController.swift */; };
		64296E301E0552B500B2CBCB /* Main.storyboard in Resources */ = {isa = PBXBuildFile; fileRef = 64296E2E1E0552B500B2CBCB /* Main.storyboard */; };
		64296E321E0552B500B2CBCB /* Assets.xcassets in Resources */ = {isa = PBXBuildFile; fileRef = 64296E311E0552B500B2CBCB /* Assets.xcassets */; };
		64296E351E0552B500B2CBCB /* LaunchScreen.storyboard in Resources */ = {isa = PBXBuildFile; fileRef = 64296E331E0552B500B2CBCB /* LaunchScreen.storyboard */; };
		64660B731E0561D7009A145F /* pokemon.csv in Resources */ = {isa = PBXBuildFile; fileRef = 64660B721E0561D7009A145F /* pokemon.csv */; };
/* End PBXBuildFile section */

/* Begin PBXFileReference section */
		64296E271E0552B500B2CBCB /* PokeDesk.app */ = {isa = PBXFileReference; explicitFileType = wrapper.application; includeInIndex = 0; path = PokeDesk.app; sourceTree = BUILT_PRODUCTS_DIR; };
		64296E2A1E0552B500B2CBCB /* AppDelegate.swift */ = {isa = PBXFileReference; lastKnownFileType = sourcecode.swift; path = AppDelegate.swift; sourceTree = "<group>"; };
		64296E2C1E0552B500B2CBCB /* ViewController.swift */ = {isa = PBXFileReference; lastKnownFileType = sourcecode.swift; path = ViewController.swift; sourceTree = "<group>"; };
		64296E2F1E0552B500B2CBCB /* Base */ = {isa = PBXFileReference; lastKnownFileType = file.storyboard; name = Base; path = Base.lproj/Main.storyboard; sourceTree = "<group>"; };
		64296E311E0552B500B2CBCB /* Assets.xcassets */ = {isa = PBXFileReference; lastKnownFileType = folder.assetcatalog; path = Assets.xcassets; sourceTree = "<group>"; };
		64296E341E0552B500B2CBCB /* Base */ = {isa = PBXFileReference; lastKnownFileType = file.storyboard; name = Base; path = Base.lproj/LaunchScreen.storyboard; sourceTree = "<group>"; };
		64296E361E0552B500B2CBCB /* Info.plist */ = {isa = PBXFileReference; lastKnownFileType = text.plist.xml; path = Info.plist; sourceTree = "<group>"; };
		64660B721E0561D7009A145F /* pokemon.csv */ = {isa = PBXFileReference; fileEncoding = 4; lastKnownFileType = text; name = pokemon.csv; path = "../../../../Downloads/pokeapi-master/data/v1/pokemon.csv"; sourceTree = "<group>"; };
/* End PBXFileReference section */

/* Begin PBXFrameworksBuildPhase section */
		64296E241E0552B500B2CBCB /* Frameworks */ = {
			isa = PBXFrameworksBuildPhase;
			buildActionMask = 2147483647;
			files = (
			);
			runOnlyForDeploymentPostprocessing = 0;
		};
/* End PBXFrameworksBuildPhase section */

/* Begin PBXGroup section */
		64296E1E1E0552B500B2CBCB = {
			isa = PBXGroup;
			children = (
				64296E291E0552B500B2CBCB /* PokeDesk */,
				64296E281E0552B500B2CBCB /* Products */,
			);
			sourceTree = "<group>";
		};
		64296E281E0552B500B2CBCB /* Products */ = {
			isa = PBXGroup;
			children = (
				64296E271E0552B500B2CBCB /* PokeDesk.app */,
			);
			name = Products;
			sourceTree = "<group>";
		};
		64296E291E0552B500B2CBCB /* PokeDesk */ = {
			isa = PBXGroup;
			children = (
				64296E2A1E0552B500B2CBCB /* AppDelegate.swift */,
				64296E2C1E0552B500B2CBCB /* ViewController.swift */,
				64296E2E1E0552B500B2CBCB /* Main.storyboard */,
				64296E311E0552B500B2CBCB /* Assets.xcassets */,
				64296E331E0552B500B2CBCB /* LaunchScreen.storyboard */,
				64660B721E0561D7009A145F /* pokemon.csv */,
				64296E361E0552B500B2CBCB /* Info.plist */,
			);
			path = PokeDesk;
			sourceTree = "<group>";
		};
/* End PBXGroup section */

/* Begin PBXNativeTarget section */
		64296E261E0552B500B2CBCB /* PokeDesk */ = {
			isa = PBXNativeTarget;
			buildConfigurationList = 64296E391E0552B500B2CBCB /* Build configuration list for PBXNativeTarget "PokeDesk" */;
			buildPhases = (
				64296E231E0552B500B2CBCB /* Sources */,
				64296E241E0552B500B2CBCB /* Frameworks */,
				64296E251E0552B500B2CBCB /* Resources */,
			);
			buildRules = (
			);
			dependencies = (
			);
			name = PokeDesk;
			productName = PokeDesk;
			productReference = 64296E271E0552B500B2CBCB /* PokeDesk.app */;
			productType = "com.apple.product-type.application";
		};
/* End PBXNativeTarget section */

/* Begin PBXProject section */
		64296E1F1E0552B500B2CBCB /* Project object */ = {
			isa = PBXProject;
			attributes = {
				LastSwiftUpdateCheck = 0820;
				LastUpgradeCheck = 0820;
				ORGANIZATIONNAME = "Babajan Shaik";
				TargetAttributes = {
					64296E261E0552B500B2CBCB = {
						CreatedOnToolsVersion = 8.2;
						ProvisioningStyle = Automatic;
					};
				};
			};
			buildConfigurationList = 64296E221E0552B500B2CBCB /* Build configuration list for PBXProject "PokeDesk" */;
			compatibilityVersion = "Xcode 3.2";
			developmentRegion = English;
			hasScannedForEncodings = 0;
			knownRegions = (
				en,
				Base,
			);
			mainGroup = 64296E1E1E0552B500B2CBCB;
			productRefGroup = 64296E281E0552B500B2CBCB /* Products */;
			projectDirPath = "";
			projectRoot = "";
			targets = (
				64296E261E0552B500B2CBCB /* PokeDesk */,
			);
		};
/* End PBXProject section */

/* Begin PBXResourcesBuildPhase section */
		64296E251E0552B500B2CBCB /* Resources */ = {
			isa = PBXResourcesBuildPhase;
			buildActionMask = 2147483647;
			files = (
				64296E351E0552B500B2CBCB /* LaunchScreen.storyboard in Resources */,
				64296E321E0552B500B2CBCB /* Assets.xcassets in Resources */,
				64660B731E0561D7009A145F /* pokemon.csv in Resources */,
				64296E301E0552B500B2CBCB /* Main.storyboard in Resources */,
			);
			runOnlyForDeploymentPostprocessing = 0;
		};
/* End PBXResourcesBuildPhase section */

/* Begin PBXSourcesBuildPhase section */
		64296E231E0552B500B2CBCB /* Sources */ = {
			isa = PBXSourcesBuildPhase;
			buildActionMask = 2147483647;
			files = (
				64296E2D1E0552B500B2CBCB /* ViewController.swift in Sources */,
				64296E2B1E0552B500B2CBCB /* AppDelegate.swift in Sources */,
			);
			runOnlyForDeploymentPostprocessing = 0;
		};
/* End PBXSourcesBuildPhase section */

/* Begin PBXVariantGroup section */
		64296E2E1E0552B500B2CBCB /* Main.storyboard */ = {
			isa = PBXVariantGroup;
			children = (
				64296E2F1E0552B500B2CBCB /* Base */,
			);
			name = Main.storyboard;
			sourceTree = "<group>";
		};
		64296E331E0552B500B2CBCB /* LaunchScreen.storyboard */ = {
			isa = PBXVariantGroup;
			children = (
				64296E341E0552B500B2CBCB /* Base */,
			);
			name = LaunchScreen.storyboard;
			sourceTree = "<group>";
		};
/* End PBXVariantGroup section */

/* Begin XCBuildConfiguration section */
		64296E371E0552B500B2CBCB /* Debug */ = {
			isa = XCBuildConfiguration;
			buildSettings = {
				ALWAYS_SEARCH_USER_PATHS = NO;
				CLANG_ANALYZER_NONNULL = YES;
				CLANG_CXX_LANGUAGE_STANDARD = "gnu++0x";
				CLANG_CXX_LIBRARY = "libc++";
				CLANG_ENABLE_MODULES = YES;
				CLANG_ENABLE_OBJC_ARC = YES;
				CLANG_WARN_BOOL_CONVERSION = YES;
				CLANG_WARN_CONSTANT_CONVERSION = YES;
				CLANG_WARN_DIRECT_OBJC_ISA_USAGE = YES_ERROR;
				CLANG_WARN_DOCUMENTATION_COMMENTS = YES;
				CLANG_WARN_EMPTY_BODY = YES;
				CLANG_WARN_ENUM_CONVERSION = YES;
				CLANG_WARN_INFINITE_RECURSION = YES;
				CLANG_WARN_INT_CONVERSION = YES;
				CLANG_WARN_OBJC_ROOT_CLASS = YES_ERROR;
				CLANG_WARN_SUSPICIOUS_MOVE = YES;
				CLANG_WARN_UNREACHABLE_CODE = YES;
				CLANG_WARN__DUPLICATE_METHOD_MATCH = YES;
				"CODE_SIGN_IDENTITY[sdk=iphoneos*]" = "iPhone Developer";
				COPY_PHASE_STRIP = NO;
				DEBUG_INFORMATION_FORMAT = dwarf;
				ENABLE_STRICT_OBJC_MSGSEND = YES;
				ENABLE_TESTABILITY = YES;
				GCC_C_LANGUAGE_STANDARD = gnu99;
				GCC_DYNAMIC_NO_PIC = NO;
				GCC_NO_COMMON_BLOCKS = YES;
				GCC_OPTIMIZATION_LEVEL = 0;
				GCC_PREPROCESSOR_DEFINITIONS = (
					"DEBUG=1",
					"$(inherited)",
				);
				GCC_WARN_64_TO_32_BIT_CONVERSION = YES;
				GCC_WARN_ABOUT_RETURN_TYPE = YES_ERROR;
				GCC_WARN_UNDECLARED_SELECTOR = YES;
				GCC_WARN_UNINITIALIZED_AUTOS = YES_AGGRESSIVE;
				GCC_WARN_UNUSED_FUNCTION = YES;
				GCC_WARN_UNUSED_VARIABLE = YES;
				IPHONEOS_DEPLOYMENT_TARGET = 10.2;
				MTL_ENABLE_DEBUG_INFO = YES;
				ONLY_ACTIVE_ARCH = YES;
				SDKROOT = iphoneos;
				SWIFT_ACTIVE_COMPILATION_CONDITIONS = DEBUG;
				SWIFT_OPTIMIZATION_LEVEL = "-Onone";
			};
			name = Debug;
		};
		64296E381E0552B500B2CBCB /* Release */ = {
			isa = XCBuildConfiguration;
			buildSettings = {
				ALWAYS_SEARCH_USER_PATHS = NO;
				CLANG_ANALYZER_NONNULL = YES;
				CLANG_CXX_LANGUAGE_STANDARD = "gnu++0x";
				CLANG_CXX_LIBRARY = "libc++";
				CLANG_ENABLE_MODULES = YES;
				CLANG_ENABLE_OBJC_ARC = YES;
				CLANG_WARN_BOOL_CONVERSION = YES;
				CLANG_WARN_CONSTANT_CONVERSION = YES;
				CLANG_WARN_DIRECT_OBJC_ISA_USAGE = YES_ERROR;
				CLANG_WARN_DOCUMENTATION_COMMENTS = YES;
				CLANG_WARN_EMPTY_BODY = YES;
				CLANG_WARN_ENUM_CONVERSION = YES;
				CLANG_WARN_INFINITE_RECURSION = YES;
				CLANG_WARN_INT_CONVERSION = YES;
				CLANG_WARN_OBJC_ROOT_CLASS = YES_ERROR;
				CLANG_WARN_SUSPICIOUS_MOVE = YES;
				CLANG_WARN_UNREACHABLE_CODE = YES;
				CLANG_WARN__DUPLICATE_METHOD_MATCH = YES;
				"CODE_SIGN_IDENTITY[sdk=iphoneos*]" = "iPhone Developer";
				COPY_PHASE_STRIP = NO;
				DEBUG_INFORMATION_FORMAT = "dwarf-with-dsym";
				ENABLE_NS_ASSERTIONS = NO;
				ENABLE_STRICT_OBJC_MSGSEND = YES;
				GCC_C_LANGUAGE_STANDARD = gnu99;
				GCC_NO_COMMON_BLOCKS = YES;
				GCC_WARN_64_TO_32_BIT_CONVERSION = YES;
				GCC_WARN_ABOUT_RETURN_TYPE = YES_ERROR;
				GCC_WARN_UNDECLARED_SELECTOR = YES;
				GCC_WARN_UNINITIALIZED_AUTOS = YES_AGGRESSIVE;
				GCC_WARN_UNUSED_FUNCTION = YES;
				GCC_WARN_UNUSED_VARIABLE = YES;
				IPHONEOS_DEPLOYMENT_TARGET = 10.2;
				MTL_ENABLE_DEBUG_INFO = NO;
				SDKROOT = iphoneos;
				SWIFT_OPTIMIZATION_LEVEL = "-Owholemodule";
				VALIDATE_PRODUCT = YES;
			};
			name = Release;
		};
		64296E3A1E0552B500B2CBCB /* Debug */ = {
			isa = XCBuildConfiguration;
			buildSettings = {
				ASSETCATALOG_COMPILER_APPICON_NAME = AppIcon;
				INFOPLIST_FILE = PokeDesk/Info.plist;
				LD_RUNPATH_SEARCH_PATHS = "$(inherited) @executable_path/Frameworks";
				PRODUCT_BUNDLE_IDENTIFIER = "Tanveer-Tech.PokeDesk";
				PRODUCT_NAME = "$(TARGET_NAME)";
				SWIFT_VERSION = 3.0;
			};
			name = Debug;
		};
		64296E3B1E0552B500B2CBCB /* Release */ = {
			isa = XCBuildConfiguration;
			buildSettings = {
				ASSETCATALOG_COMPILER_APPICON_NAME = AppIcon;
				INFOPLIST_FILE = PokeDesk/Info.plist;
				LD_RUNPATH_SEARCH_PATHS = "$(inherited) @executable_path/Frameworks";
				PRODUCT_BUNDLE_IDENTIFIER = "Tanveer-Tech.PokeDesk";
				PRODUCT_NAME = "$(TARGET_NAME)";
				SWIFT_VERSION = 3.0;
			};
			name = Release;
		};
/* End XCBuildConfiguration section */

/* Begin XCConfigurationList section */
		64296E221E0552B500B2CBCB /* Build configuration list for PBXProject "PokeDesk" */ = {
			isa = XCConfigurationList;
			buildConfigurations = (
				64296E371E0552B500B2CBCB /* Debug */,
				64296E381E0552B500B2CBCB /* Release */,
			);
			defaultConfigurationIsVisible = 0;
			defaultConfigurationName = Release;
		};
		64296E391E0552B500B2CBCB /* Build configuration list for PBXNativeTarget "PokeDesk" */ = {
			isa = XCConfigurationList;
			buildConfigurations = (
				64296E3A1E0552B500B2CBCB /* Debug */,
				64296E3B1E0552B500B2CBCB /* Release */,
			);
			defaultConfigurationIsVisible = 0;
			defaultConfigurationName = Release;
		};
/* End XCConfigurationList section */
	};
	rootObject = 64296E1F1E0552B500B2CBCB /* Project object */;
}
